
Microsoft Visual Studio Solution File, Format Version 12.00
# Visual Studio Version 17
VisualStudioVersion = 17.5.002.0
MinimumVisualStudioVersion = 10.0.40219.1
Project("{9A19103F-16F7-4668-BE54-9A1E7A4F7556}") = "helloworld", "helloworld.csproj", "{87FFECF7-DA10-4BB8-84D4-A4D167E52B19}"
EndProject
Global
	GlobalSection(SolutionConfigurationPlatforms) = preSolution
		Debug|Any CPU = Debug|Any CPU
		Release|Any CPU = Release|Any CPU
	EndGlobalSection
	GlobalSection(ProjectConfigurationPlatforms) = postSolution
		{87FFECF7-DA10-4BB8-84D4-A4D167E52B19}.Debug|Any CPU.ActiveCfg = Debug|Any CPU
		{87FFECF7-DA10-4BB8-84D4-A4D167E52B19}.Debug|Any CPU.Build.0 = Debug|Any CPU
		{87FFECF7-DA10-4BB8-84D4-A4D167E52B19}.Release|Any CPU.ActiveCfg = Release|Any CPU
		{87FFECF7-DA10-4BB8-84D4-A4D167E52B19}.Release|Any CPU.Build.0 = Release|Any CPU
	EndGlobalSection
	GlobalSection(SolutionProperties) = preSolution
		HideSolutionNode = FALSE
	EndGlobalSection
	GlobalSection(ExtensibilityGlobals) = postSolution
		SolutionGuid = {A195BA20-F9A1-4F50-B18E-A632D60D256F}
	EndGlobalSection
EndGlobal
